
Microsoft Visual Studio Solution File, Format Version 12.00
# Visual Studio Version 16
VisualStudioVersion = 16.0.29613.14
MinimumVisualStudioVersion = 10.0.40219.1
Project("{FAE04EC0-301F-11D3-BF4B-00C04F79EFBC}") = "ToDoList", "ToDoList.csproj", "{FF8B401A-9F84-4A7F-8545-929D8EFC0DD9}"
EndProject
Project("{FAE04EC0-301F-11D3-BF4B-00C04F79EFBC}") = "NUnitTestProject1", "..\NUnitTestProject1\NUnitTestProject1.csproj", "{055D1AB5-5DFF-4C25-B79D-C16BCBF7630F}"
EndProject
Global
	GlobalSection(SolutionConfigurationPlatforms) = preSolution
		Debug|Any CPU = Debug|Any CPU
		Release|Any CPU = Release|Any CPU
	EndGlobalSection
	GlobalSection(ProjectConfigurationPlatforms) = postSolution
		{FF8B401A-9F84-4A7F-8545-929D8EFC0DD9}.Debug|Any CPU.ActiveCfg = Debug|Any CPU
		{FF8B401A-9F84-4A7F-8545-929D8EFC0DD9}.Debug|Any CPU.Build.0 = Debug|Any CPU
		{FF8B401A-9F84-4A7F-8545-929D8EFC0DD9}.Release|Any CPU.ActiveCfg = Release|Any CPU
		{FF8B401A-9F84-4A7F-8545-929D8EFC0DD9}.Release|Any CPU.Build.0 = Release|Any CPU
		{055D1AB5-5DFF-4C25-B79D-C16BCBF7630F}.Debug|Any CPU.ActiveCfg = Debug|Any CPU
		{055D1AB5-5DFF-4C25-B79D-C16BCBF7630F}.Debug|Any CPU.Build.0 = Debug|Any CPU
		{055D1AB5-5DFF-4C25-B79D-C16BCBF7630F}.Release|Any CPU.ActiveCfg = Release|Any CPU
		{055D1AB5-5DFF-4C25-B79D-C16BCBF7630F}.Release|Any CPU.Build.0 = Release|Any CPU
	EndGlobalSection
	GlobalSection(SolutionProperties) = preSolution
		HideSolutionNode = FALSE
	EndGlobalSection
	GlobalSection(ExtensibilityGlobals) = postSolution
		SolutionGuid = {9E2EF36E-4719-4317-9124-B1FB57864091}
	EndGlobalSection
EndGlobal
